
Microsoft Visual Studio Solution File, Format Version 12.00
# Visual Studio Version 17
VisualStudioVersion = 17.3.32825.248
MinimumVisualStudioVersion = 10.0.40219.1
Project("{FAE04EC0-301F-11D3-BF4B-00C04F79EFBC}") = "ASP.NetCoreAPIwithDapper", "ASP.NetCoreAPIwithDapper\ASP.NetCoreAPIwithDapper.csproj", "{3A647D8C-030F-4EF1-852F-B54C28C38300}"
EndProject
Global
	GlobalSection(SolutionConfigurationPlatforms) = preSolution
		Debug|Any CPU = Debug|Any CPU
		Release|Any CPU = Release|Any CPU
	EndGlobalSection
	GlobalSection(ProjectConfigurationPlatforms) = postSolution
		{3A647D8C-030F-4EF1-852F-B54C28C38300}.Debug|Any CPU.ActiveCfg = Debug|Any CPU
		{3A647D8C-030F-4EF1-852F-B54C28C38300}.Debug|Any CPU.Build.0 = Debug|Any CPU
		{3A647D8C-030F-4EF1-852F-B54C28C38300}.Release|Any CPU.ActiveCfg = Release|Any CPU
		{3A647D8C-030F-4EF1-852F-B54C28C38300}.Release|Any CPU.Build.0 = Release|Any CPU
	EndGlobalSection
	GlobalSection(SolutionProperties) = preSolution
		HideSolutionNode = FALSE
	EndGlobalSection
	GlobalSection(ExtensibilityGlobals) = postSolution
		SolutionGuid = {E7430F08-AD44-4696-81C9-2F85E07525EC}
	EndGlobalSection
EndGlobal
